
Microsoft Visual Studio Solution File, Format Version 12.00
# Visual Studio Version 16
VisualStudioVersion = 16.0.29920.165
MinimumVisualStudioVersion = 10.0.40219.1
Project("{FAE04EC0-301F-11D3-BF4B-00C04F79EFBC}") = "InstrumentPanelRecog", "InstrumentPanelRecog\InstrumentPanelRecog.csproj", "{7534DBB1-1FC7-4905-B2B7-CB121F27D543}"
EndProject
Global
	GlobalSection(SolutionConfigurationPlatforms) = preSolution
		Debug|Any CPU = Debug|Any CPU
		Debug|x64 = Debug|x64
		Release|Any CPU = Release|Any CPU
		Release|x64 = Release|x64
	EndGlobalSection
	GlobalSection(ProjectConfigurationPlatforms) = postSolution
		{7534DBB1-1FC7-4905-B2B7-CB121F27D543}.Debug|Any CPU.ActiveCfg = Debug|Any CPU
		{7534DBB1-1FC7-4905-B2B7-CB121F27D543}.Debug|Any CPU.Build.0 = Debug|Any CPU
		{7534DBB1-1FC7-4905-B2B7-CB121F27D543}.Debug|x64.ActiveCfg = Debug|x64
		{7534DBB1-1FC7-4905-B2B7-CB121F27D543}.Debug|x64.Build.0 = Debug|x64
		{7534DBB1-1FC7-4905-B2B7-CB121F27D543}.Release|Any CPU.ActiveCfg = Release|Any CPU
		{7534DBB1-1FC7-4905-B2B7-CB121F27D543}.Release|Any CPU.Build.0 = Release|Any CPU
		{7534DBB1-1FC7-4905-B2B7-CB121F27D543}.Release|x64.ActiveCfg = Release|x64
		{7534DBB1-1FC7-4905-B2B7-CB121F27D543}.Release|x64.Build.0 = Release|x64
	EndGlobalSection
	GlobalSection(SolutionProperties) = preSolution
		HideSolutionNode = FALSE
	EndGlobalSection
	GlobalSection(ExtensibilityGlobals) = postSolution
		SolutionGuid = {817CD2A5-0EC7-4785-A418-451750F0B638}
	EndGlobalSection
EndGlobal
